{
    "_readme": [
        "This file locks the dependencies of your project to a known state",
        "Read more about it at https://getcomposer.org/doc/01-basic-usage.md#installing-dependencies",
        "This file is @generated automatically"
    ],
    "content-hash": "565f24c756f7e0e8fdf34097fb698136",
    "packages": [
        {
            "name": "bunny/bunny",
            "version": "v0.5.5",
            "source": {
                "type": "git",
                "url": "https://github.com/jakubkulhan/bunny.git",
                "reference": "10e34dec73397d30cb79f61dd81e9716644ede01"
            },
            "dist": {
                "type": "zip",
                "url": "https://api.github.com/repos/jakubkulhan/bunny/zipball/10e34dec73397d30cb79f61dd81e9716644ede01",
                "reference": "10e34dec73397d30cb79f61dd81e9716644ede01",
                "shasum": ""
            },
            "require": {
                "php": "^7.1 || ^8.0",
                "react/event-loop": "^1.0 || ^0.5 || ^0.4",
                "react/promise": "~2.2"
            },
            "require-dev": {
                "ext-pcntl": "*",
                "phpstan/phpstan": "^1.10",
                "phpunit/phpunit": "^9.5 || ^7.5.20",
                "symfony/process": "^6.1 || ^4.4"
            },
            "suggest": {
                "ext-pcntl": "For using synchronous AMQP/RabbitMQ client"
            },
            "type": "library",
            "autoload": {
                "psr-4": {
                    "Bunny\\": "src/Bunny/"
                }
            },
            "notification-url": "https://packagist.org/downloads/",
            "license": [
                "MIT"
            ],
            "authors": [
                {
                    "name": "Jakub Kulhan",
                    "email": "jakub.kulhan@gmail.com"
                }
            ],
            "description": "Performant pure-PHP AMQP (RabbitMQ) sync/async (ReactPHP) library",
            "keywords": [
                "AMQP",
                "bunny",
                "exchange",
                "message",
                "messaging",
                "queue",
                "queueing",
                "rabbit",
                "rabbitmq",
                "react",
                "react-php",
                "reactphp"
            ],
            "support": {
                "issues": "https://github.com/jakubkulhan/bunny/issues",
                "source": "https://github.com/jakubkulhan/bunny/tree/v0.5.5"
            },
            "time": "2023-08-01T19:34:13+00:00"
        },
        {
            "name": "psr/container",
            "version": "2.0.2",
            "source": {
                "type": "git",
                "url": "https://github.com/php-fig/container.git",
                "reference": "c71ecc56dfe541dbd90c5360474fbc405f8d5963"
            },
            "dist": {
                "type": "zip",
                "url": "https://api.github.com/repos/php-fig/container/zipball/c71ecc56dfe541dbd90c5360474fbc405f8d5963",
                "reference": "c71ecc56dfe541dbd90c5360474fbc405f8d5963",
                "shasum": ""
            },
            "require": {
                "php": ">=7.4.0"
            },
            "type": "library",
            "extra": {
                "branch-alias": {
                    "dev-master": "2.0.x-dev"
                }
            },
            "autoload": {
                "psr-4": {
                    "Psr\\Container\\": "src/"
                }
            },
            "notification-url": "https://packagist.org/downloads/",
            "license": [
                "MIT"
            ],
            "authors": [
                {
                    "name": "PHP-FIG",
                    "homepage": "https://www.php-fig.org/"
                }
            ],
            "description": "Common Container Interface (PHP FIG PSR-11)",
            "homepage": "https://github.com/php-fig/container",
            "keywords": [
                "PSR-11",
                "container",
                "container-interface",
                "container-interop",
                "psr"
            ],
            "support": {
                "issues": "https://github.com/php-fig/container/issues",
                "source": "https://github.com/php-fig/container/tree/2.0.2"
            },
            "time": "2021-11-05T16:47:00+00:00"
        },
        {
            "name": "psr/log",
            "version": "3.0.0",
            "source": {
                "type": "git",
                "url": "https://github.com/php-fig/log.git",
                "reference": "fe5ea303b0887d5caefd3d431c3e61ad47037001"
            },
            "dist": {
                "type": "zip",
                "url": "https://api.github.com/repos/php-fig/log/zipball/fe5ea303b0887d5caefd3d431c3e61ad47037001",
                "reference": "fe5ea303b0887d5caefd3d431c3e61ad47037001",
                "shasum": ""
            },
            "require": {
                "php": ">=8.0.0"
            },
            "type": "library",
            "extra": {
                "branch-alias": {
                    "dev-master": "3.x-dev"
                }
            },
            "autoload": {
                "psr-4": {
                    "Psr\\Log\\": "src"
                }
            },
            "notification-url": "https://packagist.org/downloads/",
            "license": [
                "MIT"
            ],
            "authors": [
                {
                    "name": "PHP-FIG",
                    "homepage": "https://www.php-fig.org/"
                }
            ],
            "description": "Common interface for logging libraries",
            "homepage": "https://github.com/php-fig/log",
            "keywords": [
                "log",
                "psr",
                "psr-3"
            ],
            "support": {
                "source": "https://github.com/php-fig/log/tree/3.0.0"
            },
            "time": "2021-07-14T16:46:02+00:00"
        },
        {
            "name": "react/async",
            "version": "v4.2.0",
            "source": {
                "type": "git",
                "url": "https://github.com/reactphp/async.git",
                "reference": "7c3738e837b38c9513af44398b8c1b2b1be1fbbc"
            },
            "dist": {
                "type": "zip",
                "url": "https://api.github.com/repos/reactphp/async/zipball/7c3738e837b38c9513af44398b8c1b2b1be1fbbc",
                "reference": "7c3738e837b38c9513af44398b8c1b2b1be1fbbc",
                "shasum": ""
            },
            "require": {
                "php": ">=8.1",
                "react/event-loop": "^1.2",
                "react/promise": "^3.0 || ^2.8 || ^1.2.1"
            },
            "require-dev": {
                "phpstan/phpstan": "1.10.39",
                "phpunit/phpunit": "^9.6"
            },
            "type": "library",
            "autoload": {
                "files": [
                    "src/functions_include.php"
                ],
                "psr-4": {
                    "React\\Async\\": "src/"
                }
            },
            "notification-url": "https://packagist.org/downloads/",
            "license": [
                "MIT"
            ],
            "authors": [
                {
                    "name": "Christian Lück",
                    "email": "christian@clue.engineering",
                    "homepage": "https://clue.engineering/"
                },
                {
                    "name": "Cees-Jan Kiewiet",
                    "email": "reactphp@ceesjankiewiet.nl",
                    "homepage": "https://wyrihaximus.net/"
                },
                {
                    "name": "Jan Sorgalla",
                    "email": "jsorgalla@gmail.com",
                    "homepage": "https://sorgalla.com/"
                },
                {
                    "name": "Chris Boden",
                    "email": "cboden@gmail.com",
                    "homepage": "https://cboden.dev/"
                }
            ],
            "description": "Async utilities and fibers for ReactPHP",
            "keywords": [
                "async",
                "reactphp"
            ],
            "support": {
                "issues": "https://github.com/reactphp/async/issues",
                "source": "https://github.com/reactphp/async/tree/v4.2.0"
            },
            "funding": [
                {
                    "url": "https://opencollective.com/reactphp",
                    "type": "open_collective"
                }
            ],
            "time": "2023-11-22T16:43:46+00:00"
        },
        {
            "name": "react/event-loop",
            "version": "v1.5.0",
            "source": {
                "type": "git",
                "url": "https://github.com/reactphp/event-loop.git",
                "reference": "bbe0bd8c51ffc05ee43f1729087ed3bdf7d53354"
            },
            "dist": {
                "type": "zip",
                "url": "https://api.github.com/repos/reactphp/event-loop/zipball/bbe0bd8c51ffc05ee43f1729087ed3bdf7d53354",
                "reference": "bbe0bd8c51ffc05ee43f1729087ed3bdf7d53354",
                "shasum": ""
            },
            "require": {
                "php": ">=5.3.0"
            },
            "require-dev": {
                "phpunit/phpunit": "^9.6 || ^5.7 || ^4.8.36"
            },
            "suggest": {
                "ext-pcntl": "For signal handling support when using the StreamSelectLoop"
            },
            "type": "library",
            "autoload": {
                "psr-4": {
                    "React\\EventLoop\\": "src/"
                }
            },
            "notification-url": "https://packagist.org/downloads/",
            "license": [
                "MIT"
            ],
            "authors": [
                {
                    "name": "Christian Lück",
                    "email": "christian@clue.engineering",
                    "homepage": "https://clue.engineering/"
                },
                {
                    "name": "Cees-Jan Kiewiet",
                    "email": "reactphp@ceesjankiewiet.nl",
                    "homepage": "https://wyrihaximus.net/"
                },
                {
                    "name": "Jan Sorgalla",
                    "email": "jsorgalla@gmail.com",
                    "homepage": "https://sorgalla.com/"
                },
                {
                    "name": "Chris Boden",
                    "email": "cboden@gmail.com",
                    "homepage": "https://cboden.dev/"
                }
            ],
            "description": "ReactPHP's core reactor event loop that libraries can use for evented I/O.",
            "keywords": [
                "asynchronous",
                "event-loop"
            ],
            "support": {
                "issues": "https://github.com/reactphp/event-loop/issues",
                "source": "https://github.com/reactphp/event-loop/tree/v1.5.0"
            },
            "funding": [
                {
                    "url": "https://opencollective.com/reactphp",
                    "type": "open_collective"
                }
            ],
            "time": "2023-11-13T13:48:05+00:00"
        },
        {
            "name": "react/promise",
            "version": "v2.11.0",
            "source": {
                "type": "git",
                "url": "https://github.com/reactphp/promise.git",
                "reference": "1a8460931ea36dc5c76838fec5734d55c88c6831"
            },
            "dist": {
                "type": "zip",
                "url": "https://api.github.com/repos/reactphp/promise/zipball/1a8460931ea36dc5c76838fec5734d55c88c6831",
                "reference": "1a8460931ea36dc5c76838fec5734d55c88c6831",
                "shasum": ""
            },
            "require": {
                "php": ">=5.4.0"
            },
            "require-dev": {
                "phpunit/phpunit": "^9.6 || ^5.7 || ^4.8.36"
            },
            "type": "library",
            "autoload": {
                "files": [
                    "src/functions_include.php"
                ],
                "psr-4": {
                    "React\\Promise\\": "src/"
                }
            },
            "notification-url": "https://packagist.org/downloads/",
            "license": [
                "MIT"
            ],
            "authors": [
                {
                    "name": "Jan Sorgalla",
                    "email": "jsorgalla@gmail.com",
                    "homepage": "https://sorgalla.com/"
                },
                {
                    "name": "Christian Lück",
                    "email": "christian@clue.engineering",
                    "homepage": "https://clue.engineering/"
                },
                {
                    "name": "Cees-Jan Kiewiet",
                    "email": "reactphp@ceesjankiewiet.nl",
                    "homepage": "https://wyrihaximus.net/"
                },
                {
                    "name": "Chris Boden",
                    "email": "cboden@gmail.com",
                    "homepage": "https://cboden.dev/"
                }
            ],
            "description": "A lightweight implementation of CommonJS Promises/A for PHP",
            "keywords": [
                "promise",
                "promises"
            ],
            "support": {
                "issues": "https://github.com/reactphp/promise/issues",
                "source": "https://github.com/reactphp/promise/tree/v2.11.0"
            },
            "funding": [
                {
                    "url": "https://opencollective.com/reactphp",
                    "type": "open_collective"
                }
            ],
            "time": "2023-11-16T16:16:50+00:00"
        },
        {
            "name": "telephantast/bunny-transport",
            "version": "0.1.x-dev",
            "source": {
                "type": "git",
                "url": "https://github.com/telephantast/bunny-transport.git",
                "reference": "096c2fd0150926421be42faeff098e3f1163f94a"
            },
            "dist": {
                "type": "zip",
                "url": "https://api.github.com/repos/telephantast/bunny-transport/zipball/096c2fd0150926421be42faeff098e3f1163f94a",
                "reference": "096c2fd0150926421be42faeff098e3f1163f94a",
                "shasum": ""
            },
            "require": {
                "bunny/bunny": "^0.5.5",
                "php": "^8.3",
                "react/async": "^4.2",
                "react/event-loop": "^1.5",
                "react/promise": "^2.11",
                "telephantast/message": "^0.1@dev",
                "telephantast/message-bus": "^0.1@dev"
            },
            "type": "library",
            "autoload": {
                "psr-4": {
                    "Telephantast\\BunnyTransport\\": ""
                }
            },
            "notification-url": "https://packagist.org/downloads/",
            "license": [
                "MIT"
            ],
            "authors": [
                {
                    "name": "Valentin Udaltsov",
                    "email": "udaltsov.valentin@gmail.com"
                }
            ],
            "description": "Telephantast Bunny Transport",
            "support": {
                "issues": "https://github.com/telephantast/bunny-transport/issues",
                "source": "https://github.com/telephantast/bunny-transport/tree/0.1.x"
            },
            "time": "2024-05-20T09:54:16+00:00"
        },
        {
            "name": "telephantast/message",
            "version": "0.1.x-dev",
            "source": {
                "type": "git",
                "url": "https://github.com/telephantast/message.git",
                "reference": "3863b7a5936e562dcfde272366c7cc333975f99d"
            },
            "dist": {
                "type": "zip",
                "url": "https://api.github.com/repos/telephantast/message/zipball/3863b7a5936e562dcfde272366c7cc333975f99d",
                "reference": "3863b7a5936e562dcfde272366c7cc333975f99d",
                "shasum": ""
            },
            "require": {
                "php": "^8.3"
            },
            "type": "library",
            "autoload": {
                "psr-4": {
                    "Telephantast\\Message\\": ""
                }
            },
            "notification-url": "https://packagist.org/downloads/",
            "license": [
                "MIT"
            ],
            "authors": [
                {
                    "name": "Valentin Udaltsov",
                    "email": "udaltsov.valentin@gmail.com"
                }
            ],
            "description": "Telephantast Message Contracts",
            "support": {
                "issues": "https://github.com/telephantast/message/issues",
                "source": "https://github.com/telephantast/message/tree/main"
            },
            "time": "2024-05-20T09:36:44+00:00"
        },
        {
            "name": "telephantast/message-bus",
            "version": "0.1.x-dev",
            "source": {
                "type": "git",
                "url": "https://github.com/telephantast/message-bus.git",
                "reference": "92c7822c2aa8af6e3b1c7d8f3680950802803bb8"
            },
            "dist": {
                "type": "zip",
                "url": "https://api.github.com/repos/telephantast/message-bus/zipball/92c7822c2aa8af6e3b1c7d8f3680950802803bb8",
                "reference": "92c7822c2aa8af6e3b1c7d8f3680950802803bb8",
                "shasum": ""
            },
            "require": {
                "php": "^8.3",
                "psr/container": "^2",
                "psr/log": "^3",
                "telephantast/message": "^0.1@dev"
            },
            "type": "library",
            "autoload": {
                "psr-4": {
                    "Telephantast\\MessageBus\\": ""
                }
            },
            "notification-url": "https://packagist.org/downloads/",
            "license": [
                "MIT"
            ],
            "authors": [
                {
                    "name": "Valentin Udaltsov",
                    "email": "udaltsov.valentin@gmail.com"
                }
            ],
            "description": "Telephantast Message Bus",
            "support": {
                "issues": "https://github.com/telephantast/message-bus/issues",
                "source": "https://github.com/telephantast/message-bus/tree/0.1.x"
            },
            "time": "2024-05-20T09:54:16+00:00"
        },
        {
            "name": "telephantast/pdo-persistence",
            "version": "0.1.x-dev",
            "source": {
                "type": "git",
                "url": "https://github.com/telephantast/pdo-persistence.git",
                "reference": "d57d8847b6aa524c9ff6b71e48a8fdbb533bc192"
            },
            "dist": {
                "type": "zip",
                "url": "https://api.github.com/repos/telephantast/pdo-persistence/zipball/d57d8847b6aa524c9ff6b71e48a8fdbb533bc192",
                "reference": "d57d8847b6aa524c9ff6b71e48a8fdbb533bc192",
                "shasum": ""
            },
            "require": {
                "ext-pdo": "*",
                "php": "^8.3",
                "telephantast/message": "^0.1@dev",
                "telephantast/message-bus": "^0.1@dev"
            },
            "type": "library",
            "autoload": {
                "psr-4": {
                    "Telephantast\\PdoPersistence\\": ""
                }
            },
            "notification-url": "https://packagist.org/downloads/",
            "license": [
                "MIT"
            ],
            "authors": [
                {
                    "name": "Valentin Udaltsov",
                    "email": "udaltsov.valentin@gmail.com"
                }
            ],
            "description": "Telephantast PDO Persistence",
            "support": {
                "issues": "https://github.com/telephantast/pdo-persistence/issues",
                "source": "https://github.com/telephantast/pdo-persistence/tree/0.1.x"
            },
            "time": "2024-05-20T09:54:16+00:00"
        }
    ],
    "packages-dev": [],
    "aliases": [],
    "minimum-stability": "stable",
    "stability-flags": {
        "telephantast/message-bus": 20,
        "telephantast/pdo-persistence": 20,
        "telephantast/message": 20,
        "telephantast/bunny-transport": 20
    },
    "prefer-stable": false,
    "prefer-lowest": false,
    "platform": [],
    "platform-dev": [],
    "plugin-api-version": "2.6.0"
}
